
Microsoft Visual Studio Solution File, Format Version 12.00
# Visual Studio 14
VisualStudioVersion = 14.0.25420.1
MinimumVisualStudioVersion = 10.0.40219.1
Project("{FAE04EC0-301F-11D3-BF4B-00C04F79EFBC}") = "AtmServer", "AtmServer.csproj", "{D1BA5B8F-68CB-41C8-B841-0F430AD985ED}"
EndProject
Global
	GlobalSection(SolutionConfigurationPlatforms) = preSolution
		Debug|Any CPU = Debug|Any CPU
		Release|Any CPU = Release|Any CPU
	EndGlobalSection
	GlobalSection(ProjectConfigurationPlatforms) = postSolution
		{D1BA5B8F-68CB-41C8-B841-0F430AD985ED}.Debug|Any CPU.ActiveCfg = Debug|Any CPU
		{D1BA5B8F-68CB-41C8-B841-0F430AD985ED}.Debug|Any CPU.Build.0 = Debug|Any CPU
		{D1BA5B8F-68CB-41C8-B841-0F430AD985ED}.Release|Any CPU.ActiveCfg = Release|Any CPU
		{D1BA5B8F-68CB-41C8-B841-0F430AD985ED}.Release|Any CPU.Build.0 = Release|Any CPU
	EndGlobalSection
	GlobalSection(SolutionProperties) = preSolution
		HideSolutionNode = FALSE
	EndGlobalSection
EndGlobal
